# THIS IS AN AUTOGENERATED FILE. DO NOT EDIT THIS FILE DIRECTLY.
# yarn lockfile v1


"@cspotcode/source-map-support@^0.8.0":
  version "0.8.1"
  resolved "https://registry.yarnpkg.com/@cspotcode/source-map-support/-/source-map-support-0.8.1.tgz#00629c35a688e05a88b1cda684fb9d5e73f000a1"
  integrity sha512-IchNf6dN4tHoMFIn/7OE8LWZ19Y6q/67Bmf6vnGREv8RSbBVb9LPJxEcnwrcwX6ixSvaiGoomAUvu4YSxXrVgw==
  dependencies:
    "@jridgewell/trace-mapping" "0.3.9"

"@google/generative-ai@^0.1.3":
  version "0.1.3"
  resolved "https://registry.yarnpkg.com/@google/generative-ai/-/generative-ai-0.1.3.tgz#8e529d4d86c85b64d297b4abf1a653d613a09a9f"
  integrity sha512-Cm4uJX1sKarpm1mje/MiOIinM7zdUUrQp/5/qGPAgznbdd/B9zup5ehT6c1qGqycFcSopTA1J1HpqHS5kJR8hQ==

"@jridgewell/resolve-uri@^3.0.3":
  version "3.1.1"
  resolved "https://registry.yarnpkg.com/@jridgewell/resolve-uri/-/resolve-uri-3.1.1.tgz#c08679063f279615a3326583ba3a90d1d82cc721"
  integrity sha512-dSYZh7HhCDtCKm4QakX0xFpsRDqjjtZf/kjI/v3T3Nwt5r8/qz/M19F9ySyOqU94SXBmeG9ttTul+YnR4LOxFA==

"@jridgewell/sourcemap-codec@^1.4.10":
  version "1.4.15"
  resolved "https://registry.yarnpkg.com/@jridgewell/sourcemap-codec/-/sourcemap-codec-1.4.15.tgz#d7c6e6755c78567a951e04ab52ef0fd26de59f32"
  integrity sha512-eF2rxCRulEKXHTRiDrDy6erMYWqNw4LPdQ8UQA4huuxaQsVeRPFl2oM8oDGxMFhJUWZf9McpLtJasDDZb/Bpeg==

"@jridgewell/trace-mapping@0.3.9":
  version "0.3.9"
  resolved "https://registry.yarnpkg.com/@jridgewell/trace-mapping/-/trace-mapping-0.3.9.tgz#6534fd5933a53ba7cbf3a17615e273a0d1273ff9"
  integrity sha512-3Belt6tdc8bPgAtbcmdtNJlirVoTmEb5e2gC94PnkwEW9jI6CAHUeoG85tjWP5WquqfavoMtMwiG4P926ZKKuQ==
  dependencies:
    "@jridgewell/resolve-uri" "^3.0.3"
    "@jridgewell/sourcemap-codec" "^1.4.10"

"@tsconfig/node10@^1.0.7":
  version "1.0.9"
  resolved "https://registry.yarnpkg.com/@tsconfig/node10/-/node10-1.0.9.tgz#df4907fc07a886922637b15e02d4cebc4c0021b2"
  integrity sha512-jNsYVVxU8v5g43Erja32laIDHXeoNvFEpX33OK4d6hljo3jDhCBDhx5dhCCTMWUojscpAagGiRkBKxpdl9fxqA==

"@tsconfig/node12@^1.0.7":
  version "1.0.11"
  resolved "https://registry.yarnpkg.com/@tsconfig/node12/-/node12-1.0.11.tgz#ee3def1f27d9ed66dac6e46a295cffb0152e058d"
  integrity sha512-cqefuRsh12pWyGsIoBKJA9luFu3mRxCA+ORZvA4ktLSzIuCUtWVxGIuXigEwO5/ywWFMZ2QEGKWvkZG1zDMTag==

"@tsconfig/node14@^1.0.0":
  version "1.0.3"
  resolved "https://registry.yarnpkg.com/@tsconfig/node14/-/node14-1.0.3.tgz#e4386316284f00b98435bf40f72f75a09dabf6c1"
  integrity sha512-ysT8mhdixWK6Hw3i1V2AeRqZ5WfXg1G43mqoYlM2nc6388Fq5jcXyr5mRsqViLx/GJYdoL0bfXD8nmF+Zn/Iow==

"@tsconfig/node16@^1.0.2":
  version "1.0.4"
  resolved "https://registry.yarnpkg.com/@tsconfig/node16/-/node16-1.0.4.tgz#0b92dcc0cc1c81f6f306a381f28e31b1a56536e9"
  integrity sha512-vxhUy4J8lyeyinH7Azl1pdd43GJhZH/tP2weN8TntQblOY+A0XbT8DJk1/oCPuOOyg/Ja757rG0CgHcWC8OfMA==

"@types/node-dht-sensor@^0.4.2":
  version "0.4.2"
  resolved "https://registry.yarnpkg.com/@types/node-dht-sensor/-/node-dht-sensor-0.4.2.tgz#66d85897a4fb33bd3ae1d53d61af14977e6910e0"
  integrity sha512-A3ZKfBautd/qTuAAR5PLi144MylHqMtW+t2vpwsDToRFdfvlBlvHktl8358njRg8KN1UxIyeByCcVwdyQqZdvg==
  dependencies:
    "@types/node" "*"

"@types/node@*", "@types/node@^20.10.6":
  version "20.11.5"
  resolved "https://registry.yarnpkg.com/@types/node/-/node-20.11.5.tgz#be10c622ca7fcaa3cf226cf80166abc31389d86e"
  integrity sha512-g557vgQjUUfN76MZAN/dt1z3dzcUsimuysco0KeluHgrPdJXkP/XdAURgyO2W9fZWHRtRBiVKzKn8vyOAwlG+w==
  dependencies:
    undici-types "~5.26.4"

"@types/play-sound@^1.1.2":
  version "1.1.2"
  resolved "https://registry.yarnpkg.com/@types/play-sound/-/play-sound-1.1.2.tgz#ecee1ecbc634ddfe5763f53e83847861825fa159"
  integrity sha512-alq2D5sBtVcq5bzL/yLr5SSQ7B4VTIkX728V3nYfo6TaCtnwFLdHsFgy+N9oCjh67OOZQnj7kkJauWNW0L8bWw==
  dependencies:
    "@types/node" "*"

"@types/rpio@^2.4.6":
  version "2.4.6"
  resolved "https://registry.yarnpkg.com/@types/rpio/-/rpio-2.4.6.tgz#711a0a860189076db8341708d82bcf3ed6e87cc7"
  integrity sha512-lh0SY37xO7ZT+fifujwaUs6FzOzrPdz42CXS03UpMQK6afKhC9CIxtDcu0xXN9S9sohREuHLQH5XY2r5s1QL+w==
  dependencies:
    "@types/node" "*"

acorn-walk@^8.1.1:
  version "8.3.2"
  resolved "https://registry.yarnpkg.com/acorn-walk/-/acorn-walk-8.3.2.tgz#7703af9415f1b6db9315d6895503862e231d34aa"
  integrity sha512-cjkyv4OtNCIeqhHrfS81QWXoCBPExR/J62oyEqepVw8WaQeSqpW2uhuLPh1m9eWhDuOo/jUXVTlifvesOWp/4A==

acorn@^8.4.1:
  version "8.11.3"
  resolved "https://registry.yarnpkg.com/acorn/-/acorn-8.11.3.tgz#71e0b14e13a4ec160724b38fb7b0f233b1b81d7a"
  integrity sha512-Y9rRfJG5jcKOE0CLisYbojUjIrIEE7AGMzA/Sm4BslANhbS+cDMpgBdcPT91oJ7OuJ9hYJBx59RjbhxVnrF8Xg==

arg@^4.1.0:
  version "4.1.3"
  resolved "https://registry.yarnpkg.com/arg/-/arg-4.1.3.tgz#269fc7ad5b8e42cb63c896d5666017261c144089"
  integrity sha512-58S9QDqG0Xx27YwPSt9fJxivjYl432YCwfDMfZ+71RAqUrZef7LrKQZ3LHLOwCS4FLNBplP533Zx895SeOCHvA==

bindings@^1.5.0, bindings@~1.5.0:
  version "1.5.0"
  resolved "https://registry.yarnpkg.com/bindings/-/bindings-1.5.0.tgz#10353c9e945334bc0511a6d90b38fbc7c9c504df"
  integrity sha512-p2q/t/mhvuOj/UeLlV6566GD/guowlr0hHxClI0W9m7MWYkL1F0hLo+0Aexs9HSPCtR1SXQ0TD3MMKrXZajbiQ==
  dependencies:
    file-uri-to-path "1.0.0"

create-require@^1.1.0:
  version "1.1.1"
  resolved "https://registry.yarnpkg.com/create-require/-/create-require-1.1.1.tgz#c1d7e8f1e5f6cfc9ff65f9cd352d37348756c333"
  integrity sha512-dcKFX3jn0MpIaXjisoRvexIJVEKzaq7z2rZKxf+MSr9TkdmHmsU4m2lcLojrj/FHl8mk5VxMmYA+ftRkP/3oKQ==

diff@^4.0.1:
  version "4.0.2"
  resolved "https://registry.yarnpkg.com/diff/-/diff-4.0.2.tgz#60f3aecb89d5fae520c11aa19efc2bb982aade7d"
  integrity sha512-58lmxKSA4BNyLz+HHMUzlOEpg09FV+ev6ZMe3vJihgdxzgcwZ8VoEEPmALCZG9LmqfVoNMMKpttIYTVG6uDY7A==

dotenv@^16.3.1:
  version "16.3.1"
  resolved "https://registry.yarnpkg.com/dotenv/-/dotenv-16.3.1.tgz#369034de7d7e5b120972693352a3bf112172cc3e"
  integrity sha512-IPzF4w4/Rd94bA9imS68tZBaYyBWSCE47V1RGuMrB94iyTOIEwRmVL2x/4An+6mETpLrKJ5hQkB8W4kFAadeIQ==

epoll@^4.0.1:
  version "4.0.2"
  resolved "https://registry.yarnpkg.com/epoll/-/epoll-4.0.2.tgz#08478c21501da95e3a066b89df313763bb6aace9"
  integrity sha512-4KtBBSBYAfyta2/4TIFT4P7pZdDjU6UPvdzWcF4Fy6Q300V08Wdj/82ovAZBUDra6TTjsKsfy12Qxuwc3ob+Qw==
  dependencies:
    bindings "^1.5.0"
    nan "^2.17.0"

file-uri-to-path@1.0.0:
  version "1.0.0"
  resolved "https://registry.yarnpkg.com/file-uri-to-path/-/file-uri-to-path-1.0.0.tgz#553a7b8446ff6f684359c445f1e37a05dacc33dd"
  integrity sha512-0Zt+s3L7Vf1biwWZ29aARiVYLx7iMGnEUl9x33fbB/j3jR81u/O2LbqK+Bm1CDSNDKVtJ/YjwY7TUd5SkeLQLw==

find-exec@1.0.3:
  version "1.0.3"
  resolved "https://registry.yarnpkg.com/find-exec/-/find-exec-1.0.3.tgz#c4b18f795968f1730060776fc52f829b977ad29e"
  integrity sha512-gnG38zW90mS8hm5smNcrBnakPEt+cGJoiMkJwCU0IYnEb0H2NQk0NIljhNW+48oniCriFek/PH6QXbwsJo/qug==
  dependencies:
    shell-quote "^1.8.1"

libcamera@^1.0.7:
  version "1.0.7"
  resolved "https://registry.yarnpkg.com/libcamera/-/libcamera-1.0.7.tgz#f45e098e0d9ea41c86f245c45b617422c1a8d0c3"
  integrity sha512-GSLyIh2jBs+n9UnCrESvej/ZQlhEuiAlYJhn15crFLdTdLwoI5HyvsdecFec8Jn1u+boJUG+MCdgsKrMJXL2iA==

lodash.clone@^4.5.0:
  version "4.5.0"
  resolved "https://registry.yarnpkg.com/lodash.clone/-/lodash.clone-4.5.0.tgz#195870450f5a13192478df4bc3d23d2dea1907b6"
  integrity sha512-GhrVeweiTD6uTmmn5hV/lzgCQhccwReIVRLHp7LT4SopOjqEZ5BbX8b5WWEtAKasjmy8hR7ZPwsYlxRCku5odg==

lodash.debounce@^4.0.8:
  version "4.0.8"
  resolved "https://registry.yarnpkg.com/lodash.debounce/-/lodash.debounce-4.0.8.tgz#82d79bff30a67c4005ffd5e2515300ad9ca4d7af"
  integrity sha512-FT1yDzDYEoYWhnSGnpE/4Kj1fLZkDFyqRb7fNt6FdYOSxlUWAtp42Eh6Wb0rGIv/m9Bgo7x4GhQbm5Ys4SG5ow==

make-error@^1.1.1:
  version "1.3.6"
  resolved "https://registry.yarnpkg.com/make-error/-/make-error-1.3.6.tgz#2eb2e37ea9b67c4891f684a1394799af484cf7a2"
  integrity sha512-s8UhlNe7vPKomQhC1qFelMokr/Sc3AgNbso3n74mVPA5LTZwkB9NlXf4XPamLxJE8h0gh73rM94xvwRT2CVInw==

mcp-spi-adc@^3.2.0:
  version "3.2.0"
  resolved "https://registry.yarnpkg.com/mcp-spi-adc/-/mcp-spi-adc-3.2.0.tgz#b164c5f85c57e58cc43145f4a71ec2b54fe8dc80"
  integrity sha512-jjc7P0/m+LKhvuCbwtRmJ1CFtWgVu6p/GADc2Rcr9xYc/95Gf4cDFw+HyiD5Lczkjm43AT1GmZATQcOZuOfLSg==
  dependencies:
    lodash.clone "^4.5.0"
    spi-device "^3.1.1"

nan@^2.14.1, nan@^2.14.2, nan@^2.17.0:
  version "2.18.0"
  resolved "https://registry.yarnpkg.com/nan/-/nan-2.18.0.tgz#26a6faae7ffbeb293a39660e88a76b82e30b7554"
  integrity sha512-W7tfG7vMOGtD30sHoZSSc/JVYiyDPEyQVso/Zz+/uQd0B0L46gtC+pHha5FFMRpil6fm/AoEcRWyOVi4+E/f8w==

node-addon-api@^1.6.3:
  version "1.7.2"
  resolved "https://registry.yarnpkg.com/node-addon-api/-/node-addon-api-1.7.2.tgz#3df30b95720b53c24e59948b49532b662444f54d"
  integrity sha512-ibPK3iA+vaY1eEjESkQkM0BbCqFOaZMiXRTtdB0u7b4djtY6JnsjvPdUHVMg6xQt3B8fpTTWHI9A+ADjM9frzg==

node-dht-sensor@^0.4.3:
  version "0.4.3"
  resolved "https://registry.yarnpkg.com/node-dht-sensor/-/node-dht-sensor-0.4.3.tgz#8f55bcab82836b4622c3cbd261f99b7bd576225b"
  integrity sha512-DMJO6UjWiDF3WP0qAgzPXDAAMAT0VVedFbtCUU/jynIRPO2Sa+2zwA3d7ySriha87Tccd4e+kiJoOxSc9BkSKw==
  dependencies:
    node-addon-api "^1.6.3"

node-gpsd@^0.3.4:
  version "0.3.4"
  resolved "https://registry.yarnpkg.com/node-gpsd/-/node-gpsd-0.3.4.tgz#292ad49e4c4f628929e41a255df2575becaa1cd0"
  integrity sha512-sI9hPfHiaWDmhjE1oJZnhMo7UF2vQVGl3qk0K4HbN1L8BkS0I+rd6V687eHOj/6ervXiHrhwXzYYsWdXxGy0Qg==

onoff@^6.0.3:
  version "6.0.3"
  resolved "https://registry.yarnpkg.com/onoff/-/onoff-6.0.3.tgz#b8e41aec363bebbb3d76e47d74b8ae9cea8d4280"
  integrity sha512-xtVlwRDzswYM69bzzIui/qzu7QHsFnjsQiCV1iYVA/HXt5xdc9utc97SYAlXzK8wAhIN7+H7MaVqh2vpfdKk9A==
  dependencies:
    epoll "^4.0.1"
    lodash.debounce "^4.0.8"

play-sound@^1.1.6:
  version "1.1.6"
  resolved "https://registry.yarnpkg.com/play-sound/-/play-sound-1.1.6.tgz#e62ed9daf8506aba959e8fd267c49d9b979d89fa"
  integrity sha512-09eO4QiXNFXJffJaOW5P6x6F5RLihpLUkXttvUZeWml0fU6x6Zp7AjG9zaeMpgH2ZNvq4GR1ytB22ddYcqJIZA==
  dependencies:
    find-exec "1.0.3"

rpio@^2.4.2:
  version "2.4.2"
  resolved "https://registry.yarnpkg.com/rpio/-/rpio-2.4.2.tgz#e16d58f7937cc8b30083c3f8df051f5d9f14a1b3"
  integrity sha512-SiWw2VorgUh+0hbu6eJkRGG+luvS9BboXz6PQl8Z49kJ+8Nn7R/b4ohybLIYSMbQqcW1WYqSooadDuv1VOAiFw==
  dependencies:
    bindings "~1.5.0"
    nan "^2.14.1"

shell-quote@^1.8.1:
  version "1.8.1"
  resolved "https://registry.yarnpkg.com/shell-quote/-/shell-quote-1.8.1.tgz#6dbf4db75515ad5bac63b4f1894c3a154c766680"
  integrity sha512-6j1W9l1iAs/4xYBI1SYOVZyFcCis9b4KCLQ8fgAGG07QvzaRLVVRQvAy85yNmmZSjYjg4MWh4gNvlPujU/5LpA==

spi-device@^3.1.1, spi-device@^3.1.2:
  version "3.1.2"
  resolved "https://registry.yarnpkg.com/spi-device/-/spi-device-3.1.2.tgz#ba0f4b79638e8cb9a64840fe38176666cffb482e"
  integrity sha512-5ubnDcpFjMAiO32j7Jrg/EMSmnInoh9LFzh/abVSJxTjCbmUQdRDVgNG5mRlOpMZc+SCHNSzqKVHGe8n0mVKwA==
  dependencies:
    bindings "^1.5.0"
    nan "^2.14.2"

ts-node@^10.9.2:
  version "10.9.2"
  resolved "https://registry.yarnpkg.com/ts-node/-/ts-node-10.9.2.tgz#70f021c9e185bccdca820e26dc413805c101c71f"
  integrity sha512-f0FFpIdcHgn8zcPSbf1dRevwt047YMnaiJM3u2w2RewrB+fob/zePZcrOyQoLMMO7aBIddLcQIEK5dYjkLnGrQ==
  dependencies:
    "@cspotcode/source-map-support" "^0.8.0"
    "@tsconfig/node10" "^1.0.7"
    "@tsconfig/node12" "^1.0.7"
    "@tsconfig/node14" "^1.0.0"
    "@tsconfig/node16" "^1.0.2"
    acorn "^8.4.1"
    acorn-walk "^8.1.1"
    arg "^4.1.0"
    create-require "^1.1.0"
    diff "^4.0.1"
    make-error "^1.1.1"
    v8-compile-cache-lib "^3.0.1"
    yn "3.1.1"

typescript@^4.4.4:
  version "4.9.5"
  resolved "https://registry.yarnpkg.com/typescript/-/typescript-4.9.5.tgz#095979f9bcc0d09da324d58d03ce8f8374cbe65a"
  integrity sha512-1FXk9E2Hm+QzZQ7z+McJiHL4NW1F2EzMu9Nq9i3zAaGqibafqYwCVU6WyWAuyQRRzOlxou8xZSyXLEN8oKj24g==

undici-types@~5.26.4:
  version "5.26.5"
  resolved "https://registry.yarnpkg.com/undici-types/-/undici-types-5.26.5.tgz#bcd539893d00b56e964fd2657a4866b221a65617"
  integrity sha512-JlCMO+ehdEIKqlFxk6IfVoAUVmgz7cU7zD/h9XZ0qzeosSHmUJVOzSQvvYSYWXkFXC+IfLKSIffhv0sVZup6pA==

v8-compile-cache-lib@^3.0.1:
  version "3.0.1"
  resolved "https://registry.yarnpkg.com/v8-compile-cache-lib/-/v8-compile-cache-lib-3.0.1.tgz#6336e8d71965cb3d35a1bbb7868445a7c05264bf"
  integrity sha512-wa7YjyUGfNZngI/vtK0UHAN+lgDCxBPCylVXGp0zu59Fz5aiGtNXaq3DhIov063MorB+VfufLh3JlF2KdTK3xg==

yn@3.1.1:
  version "3.1.1"
  resolved "https://registry.yarnpkg.com/yn/-/yn-3.1.1.tgz#1e87401a09d767c1d5eab26a6e4c185182d2eb50"
  integrity sha512-Ux4ygGWsu2c7isFWe8Yu1YluJmqVhxqK2cLXNQA5AcC3QfbGNpM7fu0Y8b/z16pXLnFxZYvWhd3fhBY9DLmC6Q==
